{
  "name": "super-canvas",
  "version": "1.0.0",
  "lockfileVersion": 2,
  "requires": true,
  "packages": {
    "": {
      "name": "super-canvas",
      "version": "1.0.0",
      "license": "ISC",
      "dependencies": {
        "closest-point-on-bezier": "^1.0.12"
      }
    },
    "node_modules/closest-point-on-bezier": {
      "version": "1.0.12",
      "resolved": "https://registry.npmjs.org/closest-point-on-bezier/-/closest-point-on-bezier-1.0.12.tgz",
      "integrity": "sha512-EKtcZYmhQVVzkD4/uBuFpOrCeU6uR/3hWp59XFbygWTiR7rsLP8t2dhua2ET74akWsoN3RzWy0YJGwCnvugD3Q==",
      "dependencies": {
        "vmath": "^1.4.8"
      }
    },
    "node_modules/vmath": {
      "version": "1.4.8",
      "resolved": "https://registry.npmjs.org/vmath/-/vmath-1.4.8.tgz",
      "integrity": "sha512-Kswa/EtKY3JtwaQZSiaNfJUr0yRYvSWJIe9/bn3yldZNG3iWtQVYN2l3pZbqnHTJ2CkJsodOCcfEO2iWEjcfIg=="
    }
  },
  "dependencies": {
    "closest-point-on-bezier": {
      "version": "1.0.12",
      "resolved": "https://registry.npmjs.org/closest-point-on-bezier/-/closest-point-on-bezier-1.0.12.tgz",
      "integrity": "sha512-EKtcZYmhQVVzkD4/uBuFpOrCeU6uR/3hWp59XFbygWTiR7rsLP8t2dhua2ET74akWsoN3RzWy0YJGwCnvugD3Q==",
      "requires": {
        "vmath": "^1.4.8"
      }
    },
    "vmath": {
      "version": "1.4.8",
      "resolved": "https://registry.npmjs.org/vmath/-/vmath-1.4.8.tgz",
      "integrity": "sha512-Kswa/EtKY3JtwaQZSiaNfJUr0yRYvSWJIe9/bn3yldZNG3iWtQVYN2l3pZbqnHTJ2CkJsodOCcfEO2iWEjcfIg=="
    }
  }
}
